
Microsoft Visual Studio Solution File, Format Version 12.00
# Visual Studio 15
Project("{FAE04EC0-301F-11D3-BF4B-00C04F79EFBC}") = "MobileUniApp.Android", "MobileUniApp.Android\MobileUniApp.Android.csproj", "{1B6000E3-A21C-4168-A7E7-55F5D37B5B54}"
EndProject
Project("{FAE04EC0-301F-11D3-BF4B-00C04F79EFBC}") = "MobileUniApp.iOS", "MobileUniApp.iOS\MobileUniApp.iOS.csproj", "{96F6FBC5-BC1F-447E-ADBE-8D39217E5A80}"
EndProject
Project("{FAE04EC0-301F-11D3-BF4B-00C04F79EFBC}") = "MobileUniApp", "MobileUniApp\MobileUniApp.csproj", "{864ACF51-477B-4B55-B238-175FA1E7F1A5}"
EndProject
Global
	GlobalSection(SolutionConfigurationPlatforms) = preSolution
		Debug|Any CPU = Debug|Any CPU
		Release|Any CPU = Release|Any CPU
		Debug|iPhoneSimulator = Debug|iPhoneSimulator
		Release|iPhoneSimulator = Release|iPhoneSimulator
		Debug|iPhone = Debug|iPhone
		Release|iPhone = Release|iPhone
		Ad-Hoc|iPhone = Ad-Hoc|iPhone
		AppStore|iPhone = AppStore|iPhone
	EndGlobalSection
	GlobalSection(ProjectConfigurationPlatforms) = postSolution
		{1B6000E3-A21C-4168-A7E7-55F5D37B5B54}.Debug|Any CPU.ActiveCfg = Debug|Any CPU
		{1B6000E3-A21C-4168-A7E7-55F5D37B5B54}.Debug|Any CPU.Build.0 = Debug|Any CPU
		{1B6000E3-A21C-4168-A7E7-55F5D37B5B54}.Release|Any CPU.ActiveCfg = Release|Any CPU
		{1B6000E3-A21C-4168-A7E7-55F5D37B5B54}.Release|Any CPU.Build.0 = Release|Any CPU
		{1B6000E3-A21C-4168-A7E7-55F5D37B5B54}.Debug|iPhoneSimulator.ActiveCfg = Debug|Any CPU
		{1B6000E3-A21C-4168-A7E7-55F5D37B5B54}.Debug|iPhoneSimulator.Build.0 = Debug|Any CPU
		{1B6000E3-A21C-4168-A7E7-55F5D37B5B54}.Release|iPhoneSimulator.ActiveCfg = Release|Any CPU
		{1B6000E3-A21C-4168-A7E7-55F5D37B5B54}.Release|iPhoneSimulator.Build.0 = Release|Any CPU
		{1B6000E3-A21C-4168-A7E7-55F5D37B5B54}.Debug|iPhone.ActiveCfg = Debug|Any CPU
		{1B6000E3-A21C-4168-A7E7-55F5D37B5B54}.Debug|iPhone.Build.0 = Debug|Any CPU
		{1B6000E3-A21C-4168-A7E7-55F5D37B5B54}.Release|iPhone.ActiveCfg = Release|Any CPU
		{1B6000E3-A21C-4168-A7E7-55F5D37B5B54}.Release|iPhone.Build.0 = Release|Any CPU
		{1B6000E3-A21C-4168-A7E7-55F5D37B5B54}.Ad-Hoc|iPhone.ActiveCfg = Debug|Any CPU
		{1B6000E3-A21C-4168-A7E7-55F5D37B5B54}.Ad-Hoc|iPhone.Build.0 = Debug|Any CPU
		{1B6000E3-A21C-4168-A7E7-55F5D37B5B54}.AppStore|iPhone.ActiveCfg = Debug|Any CPU
		{1B6000E3-A21C-4168-A7E7-55F5D37B5B54}.AppStore|iPhone.Build.0 = Debug|Any CPU
		{96F6FBC5-BC1F-447E-ADBE-8D39217E5A80}.Debug|Any CPU.ActiveCfg = Debug|iPhoneSimulator
		{96F6FBC5-BC1F-447E-ADBE-8D39217E5A80}.Debug|Any CPU.Build.0 = Debug|iPhoneSimulator
		{96F6FBC5-BC1F-447E-ADBE-8D39217E5A80}.Release|Any CPU.ActiveCfg = Release|iPhoneSimulator
		{96F6FBC5-BC1F-447E-ADBE-8D39217E5A80}.Release|Any CPU.Build.0 = Release|iPhoneSimulator
		{96F6FBC5-BC1F-447E-ADBE-8D39217E5A80}.Debug|iPhoneSimulator.ActiveCfg = Debug|iPhoneSimulator
		{96F6FBC5-BC1F-447E-ADBE-8D39217E5A80}.Debug|iPhoneSimulator.Build.0 = Debug|iPhoneSimulator
		{96F6FBC5-BC1F-447E-ADBE-8D39217E5A80}.Release|iPhoneSimulator.ActiveCfg = Release|iPhoneSimulator
		{96F6FBC5-BC1F-447E-ADBE-8D39217E5A80}.Release|iPhoneSimulator.Build.0 = Release|iPhoneSimulator
		{96F6FBC5-BC1F-447E-ADBE-8D39217E5A80}.Debug|iPhone.ActiveCfg = Debug|iPhone
		{96F6FBC5-BC1F-447E-ADBE-8D39217E5A80}.Debug|iPhone.Build.0 = Debug|iPhone
		{96F6FBC5-BC1F-447E-ADBE-8D39217E5A80}.Release|iPhone.ActiveCfg = Release|iPhone
		{96F6FBC5-BC1F-447E-ADBE-8D39217E5A80}.Release|iPhone.Build.0 = Release|iPhone
		{96F6FBC5-BC1F-447E-ADBE-8D39217E5A80}.Ad-Hoc|iPhone.ActiveCfg = Ad-Hoc|iPhone
		{96F6FBC5-BC1F-447E-ADBE-8D39217E5A80}.Ad-Hoc|iPhone.Build.0 = Ad-Hoc|iPhone
		{96F6FBC5-BC1F-447E-ADBE-8D39217E5A80}.AppStore|iPhone.ActiveCfg = AppStore|iPhone
		{96F6FBC5-BC1F-447E-ADBE-8D39217E5A80}.AppStore|iPhone.Build.0 = AppStore|iPhone
		{864ACF51-477B-4B55-B238-175FA1E7F1A5}.Debug|Any CPU.ActiveCfg = Debug|Any CPU
		{864ACF51-477B-4B55-B238-175FA1E7F1A5}.Debug|Any CPU.Build.0 = Debug|Any CPU
		{864ACF51-477B-4B55-B238-175FA1E7F1A5}.Release|Any CPU.ActiveCfg = Release|Any CPU
		{864ACF51-477B-4B55-B238-175FA1E7F1A5}.Release|Any CPU.Build.0 = Release|Any CPU
		{864ACF51-477B-4B55-B238-175FA1E7F1A5}.Debug|iPhoneSimulator.ActiveCfg = Debug|Any CPU
		{864ACF51-477B-4B55-B238-175FA1E7F1A5}.Debug|iPhoneSimulator.Build.0 = Debug|Any CPU
		{864ACF51-477B-4B55-B238-175FA1E7F1A5}.Release|iPhoneSimulator.ActiveCfg = Release|Any CPU
		{864ACF51-477B-4B55-B238-175FA1E7F1A5}.Release|iPhoneSimulator.Build.0 = Release|Any CPU
		{864ACF51-477B-4B55-B238-175FA1E7F1A5}.Debug|iPhone.ActiveCfg = Debug|Any CPU
		{864ACF51-477B-4B55-B238-175FA1E7F1A5}.Debug|iPhone.Build.0 = Debug|Any CPU
		{864ACF51-477B-4B55-B238-175FA1E7F1A5}.Release|iPhone.ActiveCfg = Release|Any CPU
		{864ACF51-477B-4B55-B238-175FA1E7F1A5}.Release|iPhone.Build.0 = Release|Any CPU
		{864ACF51-477B-4B55-B238-175FA1E7F1A5}.Ad-Hoc|iPhone.ActiveCfg = Debug|Any CPU
		{864ACF51-477B-4B55-B238-175FA1E7F1A5}.Ad-Hoc|iPhone.Build.0 = Debug|Any CPU
		{864ACF51-477B-4B55-B238-175FA1E7F1A5}.AppStore|iPhone.ActiveCfg = Debug|Any CPU
		{864ACF51-477B-4B55-B238-175FA1E7F1A5}.AppStore|iPhone.Build.0 = Debug|Any CPU
	EndGlobalSection
EndGlobal
